
Microsoft Visual Studio Solution File, Format Version 12.00
# Visual Studio Version 17
VisualStudioVersion = 17.5.33516.290
MinimumVisualStudioVersion = 10.0.40219.1
Project("{FAE04EC0-301F-11D3-BF4B-00C04F79EFBC}") = "timeago", "timeago\timeago.csproj", "{FAE06151-3C2E-4FF4-A8EF-543BE6F306E4}"
EndProject
Global
	GlobalSection(SolutionConfigurationPlatforms) = preSolution
		Debug|Any CPU = Debug|Any CPU
		Release|Any CPU = Release|Any CPU
	EndGlobalSection
	GlobalSection(ProjectConfigurationPlatforms) = postSolution
		{FAE06151-3C2E-4FF4-A8EF-543BE6F306E4}.Debug|Any CPU.ActiveCfg = Debug|Any CPU
		{FAE06151-3C2E-4FF4-A8EF-543BE6F306E4}.Debug|Any CPU.Build.0 = Debug|Any CPU
		{FAE06151-3C2E-4FF4-A8EF-543BE6F306E4}.Release|Any CPU.ActiveCfg = Release|Any CPU
		{FAE06151-3C2E-4FF4-A8EF-543BE6F306E4}.Release|Any CPU.Build.0 = Release|Any CPU
	EndGlobalSection
	GlobalSection(SolutionProperties) = preSolution
		HideSolutionNode = FALSE
	EndGlobalSection
	GlobalSection(ExtensibilityGlobals) = postSolution
		SolutionGuid = {AC8EAD7A-A117-4F61-ADDA-60E6CF4B02E7}
	EndGlobalSection
EndGlobal
